
Microsoft Visual Studio Solution File, Format Version 12.00
# Visual Studio Version 17
VisualStudioVersion = 17.7.34031.279
MinimumVisualStudioVersion = 10.0.40219.1
Project("{9A19103F-16F7-4668-BE54-9A1E7A4F7556}") = "WPF_GUI_Question", "WPF_GUI_Question\WPF_GUI_Question.csproj", "{A680626E-07E4-4D57-877C-E51F2F842AA4}"
EndProject
Project("{9A19103F-16F7-4668-BE54-9A1E7A4F7556}") = "QuizLibrary", "QuizLibrary\QuizLibrary.csproj", "{810440FA-FAEC-480F-A2AD-6A0CC1F58A0B}"
EndProject
Project("{9A19103F-16F7-4668-BE54-9A1E7A4F7556}") = "FrågesportNetFramework", "FrågesportNetFramework\FrågesportNetFramework.csproj", "{34DDE2A1-E6D5-4C61-BDA8-237D7C867C59}"
EndProject
Project("{9A19103F-16F7-4668-BE54-9A1E7A4F7556}") = "Web_App.Server", "Web_App\Web_App.Server\Web_App.Server.csproj", "{AFC570D5-02A1-4D1C-AA36-28CEBB7C43AC}"
EndProject
Project("{FAE04EC0-301F-11D3-BF4B-00C04F79EFBC}") = "Tests", "Tests\Tests.csproj", "{C80A42E7-2DBC-4C25-83FA-8F5E817283EB}"
EndProject
Global
	GlobalSection(SolutionConfigurationPlatforms) = preSolution
		Debug|Any CPU = Debug|Any CPU
		Release|Any CPU = Release|Any CPU
	EndGlobalSection
	GlobalSection(ProjectConfigurationPlatforms) = postSolution
		{A680626E-07E4-4D57-877C-E51F2F842AA4}.Debug|Any CPU.ActiveCfg = Debug|Any CPU
		{A680626E-07E4-4D57-877C-E51F2F842AA4}.Debug|Any CPU.Build.0 = Debug|Any CPU
		{A680626E-07E4-4D57-877C-E51F2F842AA4}.Release|Any CPU.ActiveCfg = Release|Any CPU
		{A680626E-07E4-4D57-877C-E51F2F842AA4}.Release|Any CPU.Build.0 = Release|Any CPU
		{810440FA-FAEC-480F-A2AD-6A0CC1F58A0B}.Debug|Any CPU.ActiveCfg = Debug|Any CPU
		{810440FA-FAEC-480F-A2AD-6A0CC1F58A0B}.Debug|Any CPU.Build.0 = Debug|Any CPU
		{810440FA-FAEC-480F-A2AD-6A0CC1F58A0B}.Release|Any CPU.ActiveCfg = Release|Any CPU
		{810440FA-FAEC-480F-A2AD-6A0CC1F58A0B}.Release|Any CPU.Build.0 = Release|Any CPU
		{34DDE2A1-E6D5-4C61-BDA8-237D7C867C59}.Debug|Any CPU.ActiveCfg = Debug|Any CPU
		{34DDE2A1-E6D5-4C61-BDA8-237D7C867C59}.Debug|Any CPU.Build.0 = Debug|Any CPU
		{34DDE2A1-E6D5-4C61-BDA8-237D7C867C59}.Release|Any CPU.ActiveCfg = Release|Any CPU
		{34DDE2A1-E6D5-4C61-BDA8-237D7C867C59}.Release|Any CPU.Build.0 = Release|Any CPU
		{AFC570D5-02A1-4D1C-AA36-28CEBB7C43AC}.Debug|Any CPU.ActiveCfg = Debug|Any CPU
		{AFC570D5-02A1-4D1C-AA36-28CEBB7C43AC}.Debug|Any CPU.Build.0 = Debug|Any CPU
		{AFC570D5-02A1-4D1C-AA36-28CEBB7C43AC}.Release|Any CPU.ActiveCfg = Release|Any CPU
		{AFC570D5-02A1-4D1C-AA36-28CEBB7C43AC}.Release|Any CPU.Build.0 = Release|Any CPU
		{C80A42E7-2DBC-4C25-83FA-8F5E817283EB}.Debug|Any CPU.ActiveCfg = Debug|Any CPU
		{C80A42E7-2DBC-4C25-83FA-8F5E817283EB}.Debug|Any CPU.Build.0 = Debug|Any CPU
		{C80A42E7-2DBC-4C25-83FA-8F5E817283EB}.Release|Any CPU.ActiveCfg = Release|Any CPU
		{C80A42E7-2DBC-4C25-83FA-8F5E817283EB}.Release|Any CPU.Build.0 = Release|Any CPU
	EndGlobalSection
	GlobalSection(SolutionProperties) = preSolution
		HideSolutionNode = FALSE
	EndGlobalSection
	GlobalSection(ExtensibilityGlobals) = postSolution
		SolutionGuid = {AC0F24CB-8CF1-4FD3-BB00-31FB410703E1}
	EndGlobalSection
EndGlobal
